
Microsoft Visual Studio Solution File, Format Version 12.00
# Visual Studio Version 16
VisualStudioVersion = 16.0.33130.400
MinimumVisualStudioVersion = 10.0.40219.1
Project("{FAE04EC0-301F-11D3-BF4B-00C04F79EFBC}") = "Ass1", "Ass1.csproj", "{182EEA23-6910-4672-8451-4C385832E038}"
EndProject
Global
	GlobalSection(SolutionConfigurationPlatforms) = preSolution
		Debug|Any CPU = Debug|Any CPU
		Release|Any CPU = Release|Any CPU
	EndGlobalSection
	GlobalSection(ProjectConfigurationPlatforms) = postSolution
		{182EEA23-6910-4672-8451-4C385832E038}.Debug|Any CPU.ActiveCfg = Debug|Any CPU
		{182EEA23-6910-4672-8451-4C385832E038}.Debug|Any CPU.Build.0 = Debug|Any CPU
		{182EEA23-6910-4672-8451-4C385832E038}.Release|Any CPU.ActiveCfg = Release|Any CPU
		{182EEA23-6910-4672-8451-4C385832E038}.Release|Any CPU.Build.0 = Release|Any CPU
	EndGlobalSection
	GlobalSection(SolutionProperties) = preSolution
		HideSolutionNode = FALSE
	EndGlobalSection
	GlobalSection(ExtensibilityGlobals) = postSolution
		SolutionGuid = {0B0578CF-05BB-4C43-A732-223BC03413C6}
	EndGlobalSection
EndGlobal
